
Microsoft Visual Studio Solution File, Format Version 12.00
# Visual Studio Version 17
VisualStudioVersion = 17.14.36603.0
MinimumVisualStudioVersion = 10.0.40219.1
Project("{8BC9CEB8-8B4A-11D0-8D11-00A0C91BC942}") = "指针01", "指针01\指针01.vcxproj", "{4DD0AA81-A222-4ADE-8580-3BA0D94D5007}"
EndProject
Project("{8BC9CEB8-8B4A-11D0-8D11-00A0C91BC942}") = "指针例题", "Project1\Project1.vcxproj", "{A24FAAC8-1C92-4A39-98FF-EA3E5EC74DA2}"
EndProject
Global
	GlobalSection(SolutionConfigurationPlatforms) = preSolution
		Debug|x64 = Debug|x64
		Debug|x86 = Debug|x86
		Release|x64 = Release|x64
		Release|x86 = Release|x86
	EndGlobalSection
	GlobalSection(ProjectConfigurationPlatforms) = postSolution
		{4DD0AA81-A222-4ADE-8580-3BA0D94D5007}.Debug|x64.ActiveCfg = Debug|x64
		{4DD0AA81-A222-4ADE-8580-3BA0D94D5007}.Debug|x64.Build.0 = Debug|x64
		{4DD0AA81-A222-4ADE-8580-3BA0D94D5007}.Debug|x86.ActiveCfg = Debug|Win32
		{4DD0AA81-A222-4ADE-8580-3BA0D94D5007}.Debug|x86.Build.0 = Debug|Win32
		{4DD0AA81-A222-4ADE-8580-3BA0D94D5007}.Release|x64.ActiveCfg = Release|x64
		{4DD0AA81-A222-4ADE-8580-3BA0D94D5007}.Release|x64.Build.0 = Release|x64
		{4DD0AA81-A222-4ADE-8580-3BA0D94D5007}.Release|x86.ActiveCfg = Release|Win32
		{4DD0AA81-A222-4ADE-8580-3BA0D94D5007}.Release|x86.Build.0 = Release|Win32
		{A24FAAC8-1C92-4A39-98FF-EA3E5EC74DA2}.Debug|x64.ActiveCfg = Debug|x64
		{A24FAAC8-1C92-4A39-98FF-EA3E5EC74DA2}.Debug|x64.Build.0 = Debug|x64
		{A24FAAC8-1C92-4A39-98FF-EA3E5EC74DA2}.Debug|x86.ActiveCfg = Debug|Win32
		{A24FAAC8-1C92-4A39-98FF-EA3E5EC74DA2}.Debug|x86.Build.0 = Debug|Win32
		{A24FAAC8-1C92-4A39-98FF-EA3E5EC74DA2}.Release|x64.ActiveCfg = Release|x64
		{A24FAAC8-1C92-4A39-98FF-EA3E5EC74DA2}.Release|x64.Build.0 = Release|x64
		{A24FAAC8-1C92-4A39-98FF-EA3E5EC74DA2}.Release|x86.ActiveCfg = Release|Win32
		{A24FAAC8-1C92-4A39-98FF-EA3E5EC74DA2}.Release|x86.Build.0 = Release|Win32
	EndGlobalSection
	GlobalSection(SolutionProperties) = preSolution
		HideSolutionNode = FALSE
	EndGlobalSection
	GlobalSection(ExtensibilityGlobals) = postSolution
		SolutionGuid = {F3D99DA8-088D-45C2-A317-11B9A5EF3E3F}
	EndGlobalSection
EndGlobal
