<?xml version="1.0" encoding="utf-8"?>
<Project ToolsVersion="4.0" xmlns="http://schemas.microsoft.com/developer/msbuild/2003">
  <ItemGroup>
    <Filter Include="源文件">
      <UniqueIdentifier>{4FC737F1-C7A5-4376-A066-2A32D752A2FF}</UniqueIdentifier>
      <Extensions>cpp;c;cc;cxx;c++;cppm;ixx;def;odl;idl;hpj;bat;asm;asmx</Extensions>
    </Filter>
    <Filter Include="头文件">
      <UniqueIdentifier>{93995380-89BD-4b04-88EB-625FBE52EBFB}</UniqueIdentifier>
      <Extensions>h;hh;hpp;hxx;h++;hm;inl;inc;ipp;xsd</Extensions>
    </Filter>
    <Filter Include="资源文件">
      <UniqueIdentifier>{67DA6AB6-F800-4c08-8B7A-83BB121AAD01}</UniqueIdentifier>
      <Extensions>rc;ico;cur;bmp;dlg;rc2;rct;bin;rgs;gif;jpg;jpeg;jpe;resx;tiff;tif;png;wav;mfcribbon-ms</Extensions>
    </Filter>
  </ItemGroup>
  <ItemGroup>
    <ClCompile Include="Ex01%28a向后四个数组成的三位数%29.c">
      <Filter>源文件</Filter>
    </ClCompile>
    <ClCompile Include="Ex02%28寻找全部a位数的水仙花数%29.c">
      <Filter>源文件</Filter>
    </ClCompile>
    <ClCompile Include="Ex03%28统计素数并且求和%29.c">
      <Filter>源文件</Filter>
    </ClCompile>
    <ClCompile Include="Ex04%28约分最简分式%29.c">
      <Filter>源文件</Filter>
    </ClCompile>
    <ClCompile Include="Ex05%28求A的N个连续和%29.c">
      <Filter>源文件</Filter>
    </ClCompile>
    <ClCompile Include="Ex06%28打印菱形%29.c">
      <Filter>源文件</Filter>
    </ClCompile>
    <ClCompile Include="Ex07%28斐波那契数列%29.c">
      <Filter>源文件</Filter>
    </ClCompile>
    <ClCompile Include="Ex08%28九九乘法表%29.c">
      <Filter>源文件</Filter>
    </ClCompile>
    <ClCompile Include="Ex09%28最小公倍数最大公约数%29.c">
      <Filter>源文件</Filter>
    </ClCompile>
    <ClCompile Include="Ex10%28找出给定数组的最大元素%29.c">
      <Filter>源文件</Filter>
    </ClCompile>
    <ClCompile Include="Ex11%28阶乘求和%29.c">
      <Filter>源文件</Filter>
    </ClCompile>
    <ClCompile Include="Ex12.0%28二分查找%29.c">
      <Filter>源文件</Filter>
    </ClCompile>
    <ClCompile Include="Ex13%28演示多个字符从两端移动,向中间汇聚%29.c">
      <Filter>源文件</Filter>
    </ClCompile>
    <ClCompile Include="Ex14%28猜数字%29.c">
      <Filter>源文件</Filter>
    </ClCompile>
    <ClCompile Include="Ex12.1%28二分查找函数形式%29.c">
      <Filter>源文件</Filter>
    </ClCompile>
    <ClCompile Include="Ex15字符串逆序.c">
      <Filter>源文件</Filter>
    </ClCompile>
    <ClCompile Include="Ex16数位之和递归.c">
      <Filter>源文件</Filter>
    </ClCompile>
    <ClCompile Include="Ex17n的k次方递归.c">
      <Filter>源文件</Filter>
    </ClCompile>
  </ItemGroup>
</Project>